
Microsoft Visual Studio Solution File, Format Version 12.00
# Visual Studio Version 16
VisualStudioVersion = 16.0.30011.22
MinimumVisualStudioVersion = 10.0.40219.1
Project("{FAE04EC0-301F-11D3-BF4B-00C04F79EFBC}") = "WPFTsetApp", "WPFTsetApp.csproj", "{92DA3B83-02B1-4295-98E4-5A13B21A4C25}"
EndProject
Project("{FAE04EC0-301F-11D3-BF4B-00C04F79EFBC}") = "WPFTest2", "..\WPFTest2\WPFTest2.csproj", "{B63ABD76-A326-48CC-AA2C-5DF0A247BA7D}"
EndProject
Global
	GlobalSection(SolutionConfigurationPlatforms) = preSolution
		Debug|Any CPU = Debug|Any CPU
		Release|Any CPU = Release|Any CPU
	EndGlobalSection
	GlobalSection(ProjectConfigurationPlatforms) = postSolution
		{92DA3B83-02B1-4295-98E4-5A13B21A4C25}.Debug|Any CPU.ActiveCfg = Debug|Any CPU
		{92DA3B83-02B1-4295-98E4-5A13B21A4C25}.Debug|Any CPU.Build.0 = Debug|Any CPU
		{92DA3B83-02B1-4295-98E4-5A13B21A4C25}.Release|Any CPU.ActiveCfg = Release|Any CPU
		{92DA3B83-02B1-4295-98E4-5A13B21A4C25}.Release|Any CPU.Build.0 = Release|Any CPU
		{B63ABD76-A326-48CC-AA2C-5DF0A247BA7D}.Debug|Any CPU.ActiveCfg = Debug|Any CPU
		{B63ABD76-A326-48CC-AA2C-5DF0A247BA7D}.Debug|Any CPU.Build.0 = Debug|Any CPU
		{B63ABD76-A326-48CC-AA2C-5DF0A247BA7D}.Release|Any CPU.ActiveCfg = Release|Any CPU
		{B63ABD76-A326-48CC-AA2C-5DF0A247BA7D}.Release|Any CPU.Build.0 = Release|Any CPU
	EndGlobalSection
	GlobalSection(SolutionProperties) = preSolution
		HideSolutionNode = FALSE
	EndGlobalSection
	GlobalSection(ExtensibilityGlobals) = postSolution
		SolutionGuid = {8ABBD89C-9DAD-4A66-87C7-5760F21C2DD4}
	EndGlobalSection
EndGlobal
