
Microsoft Visual Studio Solution File, Format Version 12.00
# Visual Studio Version 16
VisualStudioVersion = 16.0.30011.22
MinimumVisualStudioVersion = 10.0.40219.1
Project("{FAE04EC0-301F-11D3-BF4B-00C04F79EFBC}") = "WinFormChartApp", "WinFormChartApp\WinFormChartApp.csproj", "{5D45F6A4-6F72-4C2C-A0BE-F9707F8C78D7}"
EndProject
Project("{FAE04EC0-301F-11D3-BF4B-00C04F79EFBC}") = "WPFBasicChartApp", "BasicChartApp\WPFBasicChartApp.csproj", "{B8435DC3-23F0-48E7-8F08-98ECE2E6B0B6}"
EndProject
Project("{FAE04EC0-301F-11D3-BF4B-00C04F79EFBC}") = "MVVMChartApp", "MVVMChartApp\MVVMChartApp.csproj", "{3EDAEEF3-773E-4A63-9DA7-CBE0275BFF60}"
EndProject
Global
	GlobalSection(SolutionConfigurationPlatforms) = preSolution
		Debug|Any CPU = Debug|Any CPU
		Release|Any CPU = Release|Any CPU
	EndGlobalSection
	GlobalSection(ProjectConfigurationPlatforms) = postSolution
		{5D45F6A4-6F72-4C2C-A0BE-F9707F8C78D7}.Debug|Any CPU.ActiveCfg = Debug|Any CPU
		{5D45F6A4-6F72-4C2C-A0BE-F9707F8C78D7}.Debug|Any CPU.Build.0 = Debug|Any CPU
		{5D45F6A4-6F72-4C2C-A0BE-F9707F8C78D7}.Release|Any CPU.ActiveCfg = Release|Any CPU
		{5D45F6A4-6F72-4C2C-A0BE-F9707F8C78D7}.Release|Any CPU.Build.0 = Release|Any CPU
		{B8435DC3-23F0-48E7-8F08-98ECE2E6B0B6}.Debug|Any CPU.ActiveCfg = Debug|Any CPU
		{B8435DC3-23F0-48E7-8F08-98ECE2E6B0B6}.Debug|Any CPU.Build.0 = Debug|Any CPU
		{B8435DC3-23F0-48E7-8F08-98ECE2E6B0B6}.Release|Any CPU.ActiveCfg = Release|Any CPU
		{B8435DC3-23F0-48E7-8F08-98ECE2E6B0B6}.Release|Any CPU.Build.0 = Release|Any CPU
		{3EDAEEF3-773E-4A63-9DA7-CBE0275BFF60}.Debug|Any CPU.ActiveCfg = Debug|Any CPU
		{3EDAEEF3-773E-4A63-9DA7-CBE0275BFF60}.Debug|Any CPU.Build.0 = Debug|Any CPU
		{3EDAEEF3-773E-4A63-9DA7-CBE0275BFF60}.Release|Any CPU.ActiveCfg = Release|Any CPU
		{3EDAEEF3-773E-4A63-9DA7-CBE0275BFF60}.Release|Any CPU.Build.0 = Release|Any CPU
	EndGlobalSection
	GlobalSection(SolutionProperties) = preSolution
		HideSolutionNode = FALSE
	EndGlobalSection
	GlobalSection(ExtensibilityGlobals) = postSolution
		SolutionGuid = {FA007952-F857-4CFF-96FC-E7DFC2B72DFB}
	EndGlobalSection
EndGlobal
